
Microsoft Visual Studio Solution File, Format Version 12.00
# Visual Studio 2013
VisualStudioVersion = 12.0.31101.0
MinimumVisualStudioVersion = 10.0.40219.1
Project("{FAE04EC0-301F-11D3-BF4B-00C04F79EFBC}") = "01.ForumPost", "01.ForumPost\01.ForumPost.csproj", "{E4D21E67-00C6-4AF4-A11F-2D1023A4EB05}"
EndProject
Project("{FAE04EC0-301F-11D3-BF4B-00C04F79EFBC}") = "02.WebGallery", "02.WebGallery\02.WebGallery.csproj", "{4CD28C52-5702-43CA-BD99-3D90A430A890}"
EndProject
Global
	GlobalSection(SolutionConfigurationPlatforms) = preSolution
		Debug|Any CPU = Debug|Any CPU
		Release|Any CPU = Release|Any CPU
	EndGlobalSection
	GlobalSection(ProjectConfigurationPlatforms) = postSolution
		{E4D21E67-00C6-4AF4-A11F-2D1023A4EB05}.Debug|Any CPU.ActiveCfg = Debug|Any CPU
		{E4D21E67-00C6-4AF4-A11F-2D1023A4EB05}.Debug|Any CPU.Build.0 = Debug|Any CPU
		{E4D21E67-00C6-4AF4-A11F-2D1023A4EB05}.Release|Any CPU.ActiveCfg = Release|Any CPU
		{E4D21E67-00C6-4AF4-A11F-2D1023A4EB05}.Release|Any CPU.Build.0 = Release|Any CPU
		{4CD28C52-5702-43CA-BD99-3D90A430A890}.Debug|Any CPU.ActiveCfg = Debug|Any CPU
		{4CD28C52-5702-43CA-BD99-3D90A430A890}.Debug|Any CPU.Build.0 = Debug|Any CPU
		{4CD28C52-5702-43CA-BD99-3D90A430A890}.Release|Any CPU.ActiveCfg = Release|Any CPU
		{4CD28C52-5702-43CA-BD99-3D90A430A890}.Release|Any CPU.Build.0 = Release|Any CPU
	EndGlobalSection
	GlobalSection(SolutionProperties) = preSolution
		HideSolutionNode = FALSE
	EndGlobalSection
EndGlobal
