
Microsoft Visual Studio Solution File, Format Version 12.00
# Visual Studio 2013
VisualStudioVersion = 12.0.31101.0
MinimumVisualStudioVersion = 10.0.40219.1
Project("{FAE04EC0-301F-11D3-BF4B-00C04F79EFBC}") = "01.Refactoring", "01.Refactoring\01.Refactoring.csproj", "{845D2DC4-7B58-4CA3-96C1-4F1C8F807226}"
EndProject
Project("{FAE04EC0-301F-11D3-BF4B-00C04F79EFBC}") = "02.StudentSystem", "02.StudentSystem\02.StudentSystem.csproj", "{44A971B7-E619-46BF-A647-26B4207DB000}"
EndProject
Project("{FAE04EC0-301F-11D3-BF4B-00C04F79EFBC}") = "03.LinkedIn", "03.LinkedIn\03.LinkedIn.csproj", "{990C57B8-C7CB-46F3-9F9E-11FCA1EA7972}"
EndProject
Global
	GlobalSection(SolutionConfigurationPlatforms) = preSolution
		Debug|Any CPU = Debug|Any CPU
		Release|Any CPU = Release|Any CPU
	EndGlobalSection
	GlobalSection(ProjectConfigurationPlatforms) = postSolution
		{845D2DC4-7B58-4CA3-96C1-4F1C8F807226}.Debug|Any CPU.ActiveCfg = Debug|Any CPU
		{845D2DC4-7B58-4CA3-96C1-4F1C8F807226}.Debug|Any CPU.Build.0 = Debug|Any CPU
		{845D2DC4-7B58-4CA3-96C1-4F1C8F807226}.Release|Any CPU.ActiveCfg = Release|Any CPU
		{845D2DC4-7B58-4CA3-96C1-4F1C8F807226}.Release|Any CPU.Build.0 = Release|Any CPU
		{44A971B7-E619-46BF-A647-26B4207DB000}.Debug|Any CPU.ActiveCfg = Debug|Any CPU
		{44A971B7-E619-46BF-A647-26B4207DB000}.Debug|Any CPU.Build.0 = Debug|Any CPU
		{44A971B7-E619-46BF-A647-26B4207DB000}.Release|Any CPU.ActiveCfg = Release|Any CPU
		{44A971B7-E619-46BF-A647-26B4207DB000}.Release|Any CPU.Build.0 = Release|Any CPU
		{990C57B8-C7CB-46F3-9F9E-11FCA1EA7972}.Debug|Any CPU.ActiveCfg = Debug|Any CPU
		{990C57B8-C7CB-46F3-9F9E-11FCA1EA7972}.Debug|Any CPU.Build.0 = Debug|Any CPU
		{990C57B8-C7CB-46F3-9F9E-11FCA1EA7972}.Release|Any CPU.ActiveCfg = Release|Any CPU
		{990C57B8-C7CB-46F3-9F9E-11FCA1EA7972}.Release|Any CPU.Build.0 = Release|Any CPU
	EndGlobalSection
	GlobalSection(SolutionProperties) = preSolution
		HideSolutionNode = FALSE
	EndGlobalSection
EndGlobal
