
Microsoft Visual Studio Solution File, Format Version 12.00
# Visual Studio 2013
VisualStudioVersion = 12.0.31101.0
MinimumVisualStudioVersion = 10.0.40219.1
Project("{FAE04EC0-301F-11D3-BF4B-00C04F79EFBC}") = "01.StudentClass", "01.StudentClass\01.StudentClass.csproj", "{1829033F-47B9-4B11-9949-D5F3BB8E9D9B}"
EndProject
Project("{FAE04EC0-301F-11D3-BF4B-00C04F79EFBC}") = "BitArray", "BitArray\BitArray.csproj", "{A5824AFA-35FD-42D7-B73A-B4CBB8A5D610}"
EndProject
Global
	GlobalSection(SolutionConfigurationPlatforms) = preSolution
		Debug|Any CPU = Debug|Any CPU
		Release|Any CPU = Release|Any CPU
	EndGlobalSection
	GlobalSection(ProjectConfigurationPlatforms) = postSolution
		{1829033F-47B9-4B11-9949-D5F3BB8E9D9B}.Debug|Any CPU.ActiveCfg = Debug|Any CPU
		{1829033F-47B9-4B11-9949-D5F3BB8E9D9B}.Debug|Any CPU.Build.0 = Debug|Any CPU
		{1829033F-47B9-4B11-9949-D5F3BB8E9D9B}.Release|Any CPU.ActiveCfg = Release|Any CPU
		{1829033F-47B9-4B11-9949-D5F3BB8E9D9B}.Release|Any CPU.Build.0 = Release|Any CPU
		{A5824AFA-35FD-42D7-B73A-B4CBB8A5D610}.Debug|Any CPU.ActiveCfg = Debug|Any CPU
		{A5824AFA-35FD-42D7-B73A-B4CBB8A5D610}.Debug|Any CPU.Build.0 = Debug|Any CPU
		{A5824AFA-35FD-42D7-B73A-B4CBB8A5D610}.Release|Any CPU.ActiveCfg = Release|Any CPU
		{A5824AFA-35FD-42D7-B73A-B4CBB8A5D610}.Release|Any CPU.Build.0 = Release|Any CPU
	EndGlobalSection
	GlobalSection(SolutionProperties) = preSolution
		HideSolutionNode = FALSE
	EndGlobalSection
EndGlobal
